// !$*UTF8*$!
{
	archiveVersion = 1;
	classes = {
	};
	objectVersion = 46;
	objects = {

/* Begin PBXBuildFile section */
		9A49AAD91E52A7B0006CC400 /* MyHomeController.m in Sources */ = {isa = PBXBuildFile; fileRef = 9A49AAD81E52A7B0006CC400 /* MyHomeController.m */; };
		9A49AADC1E52A7C4006CC400 /* MyStudyPlanController.m in Sources */ = {isa = PBXBuildFile; fileRef = 9A49AADB1E52A7C4006CC400 /* MyStudyPlanController.m */; };
		9A49AADF1E52A7D4006CC400 /* MyLiveController.m in Sources */ = {isa = PBXBuildFile; fileRef = 9A49AADE1E52A7D4006CC400 /* MyLiveController.m */; };
		9A49AAE21E52A7E7006CC400 /* MyExerciseController.m in Sources */ = {isa = PBXBuildFile; fileRef = 9A49AAE11E52A7E7006CC400 /* MyExerciseController.m */; };
		9A49AAE51E52A7F7006CC400 /* MyModelExamController.m in Sources */ = {isa = PBXBuildFile; fileRef = 9A49AAE41E52A7F7006CC400 /* MyModelExamController.m */; };
		9A49AAE81E52A804006CC400 /* MyCheckController.m in Sources */ = {isa = PBXBuildFile; fileRef = 9A49AAE71E52A804006CC400 /* MyCheckController.m */; };
		9A49AAEB1E52A81A006CC400 /* MyBrieflyTeachController.m in Sources */ = {isa = PBXBuildFile; fileRef = 9A49AAEA1E52A81A006CC400 /* MyBrieflyTeachController.m */; };
		9A9446B61E519B3700DE0C44 /* main.m in Sources */ = {isa = PBXBuildFile; fileRef = 9A9446B51E519B3700DE0C44 /* main.m */; };
		9A9446B91E519B3700DE0C44 /* AppDelegate.m in Sources */ = {isa = PBXBuildFile; fileRef = 9A9446B81E519B3700DE0C44 /* AppDelegate.m */; };
		9A9446BC1E519B3700DE0C44 /* ViewController.m in Sources */ = {isa = PBXBuildFile; fileRef = 9A9446BB1E519B3700DE0C44 /* ViewController.m */; };
		9A9446BF1E519B3700DE0C44 /* Main.storyboard in Resources */ = {isa = PBXBuildFile; fileRef = 9A9446BD1E519B3700DE0C44 /* Main.storyboard */; };
		9A9446C21E519B3700DE0C44 /* ipadTest.xcdatamodeld in Sources */ = {isa = PBXBuildFile; fileRef = 9A9446C01E519B3700DE0C44 /* ipadTest.xcdatamodeld */; };
		9A9446C41E519B3700DE0C44 /* Assets.xcassets in Resources */ = {isa = PBXBuildFile; fileRef = 9A9446C31E519B3700DE0C44 /* Assets.xcassets */; };
		9A9446C71E519B3700DE0C44 /* LaunchScreen.storyboard in Resources */ = {isa = PBXBuildFile; fileRef = 9A9446C51E519B3700DE0C44 /* LaunchScreen.storyboard */; };
		9A9446D21E519B3700DE0C44 /* ipadTestTests.m in Sources */ = {isa = PBXBuildFile; fileRef = 9A9446D11E519B3700DE0C44 /* ipadTestTests.m */; };
		9A9446DD1E519B3700DE0C44 /* ipadTestUITests.m in Sources */ = {isa = PBXBuildFile; fileRef = 9A9446DC1E519B3700DE0C44 /* ipadTestUITests.m */; };
		9A9446ED1E519D5300DE0C44 /* LeftRootView.m in Sources */ = {isa = PBXBuildFile; fileRef = 9A9446EC1E519D5300DE0C44 /* LeftRootView.m */; };
		9A9446F01E519D7A00DE0C44 /* UserTopView.m in Sources */ = {isa = PBXBuildFile; fileRef = 9A9446EF1E519D7A00DE0C44 /* UserTopView.m */; };
		9A94470F1E519E1700DE0C44 /* LICENSE in Resources */ = {isa = PBXBuildFile; fileRef = 9A9446F31E519E1700DE0C44 /* LICENSE */; };
		9A9447101E519E1700DE0C44 /* MASCompositeConstraint.m in Sources */ = {isa = PBXBuildFile; fileRef = 9A9446F61E519E1700DE0C44 /* MASCompositeConstraint.m */; };
		9A9447111E519E1700DE0C44 /* MASConstraint.m in Sources */ = {isa = PBXBuildFile; fileRef = 9A9446F91E519E1700DE0C44 /* MASConstraint.m */; };
		9A9447121E519E1700DE0C44 /* MASConstraintMaker.m in Sources */ = {isa = PBXBuildFile; fileRef = 9A9446FB1E519E1700DE0C44 /* MASConstraintMaker.m */; };
		9A9447131E519E1700DE0C44 /* MASLayoutConstraint.m in Sources */ = {isa = PBXBuildFile; fileRef = 9A9446FD1E519E1700DE0C44 /* MASLayoutConstraint.m */; };
		9A9447141E519E1700DE0C44 /* MASViewAttribute.m in Sources */ = {isa = PBXBuildFile; fileRef = 9A9447011E519E1700DE0C44 /* MASViewAttribute.m */; };
		9A9447151E519E1700DE0C44 /* MASViewConstraint.m in Sources */ = {isa = PBXBuildFile; fileRef = 9A9447031E519E1700DE0C44 /* MASViewConstraint.m */; };
		9A9447161E519E1700DE0C44 /* NSArray+MASAdditions.m in Sources */ = {isa = PBXBuildFile; fileRef = 9A9447051E519E1700DE0C44 /* NSArray+MASAdditions.m */; };
		9A9447171E519E1700DE0C44 /* NSLayoutConstraint+MASDebugAdditions.m in Sources */ = {isa = PBXBuildFile; fileRef = 9A9447081E519E1700DE0C44 /* NSLayoutConstraint+MASDebugAdditions.m */; };
		9A9447181E519E1700DE0C44 /* View+MASAdditions.m in Sources */ = {isa = PBXBuildFile; fileRef = 9A94470A1E519E1700DE0C44 /* View+MASAdditions.m */; };
		9A9447191E519E1700DE0C44 /* ViewController+MASAdditions.m in Sources */ = {isa = PBXBuildFile; fileRef = 9A94470D1E519E1700DE0C44 /* ViewController+MASAdditions.m */; };
		9A94471A1E519E1700DE0C44 /* README.md in Sources */ = {isa = PBXBuildFile; fileRef = 9A94470E1E519E1700DE0C44 /* README.md */; };
		9A9447221E51A39B00DE0C44 /* UIView+WKFFrame.m in Sources */ = {isa = PBXBuildFile; fileRef = 9A9447211E51A39B00DE0C44 /* UIView+WKFFrame.m */; };
/* End PBXBuildFile section */

/* Begin PBXContainerItemProxy section */
		9A9446CE1E519B3700DE0C44 /* PBXContainerItemProxy */ = {
			isa = PBXContainerItemProxy;
			containerPortal = 9A9446A91E519B3700DE0C44 /* Project object */;
			proxyType = 1;
			remoteGlobalIDString = 9A9446B01E519B3700DE0C44;
			remoteInfo = ipadTest;
		};
		9A9446D91E519B3700DE0C44 /* PBXContainerItemProxy */ = {
			isa = PBXContainerItemProxy;
			containerPortal = 9A9446A91E519B3700DE0C44 /* Project object */;
			proxyType = 1;
			remoteGlobalIDString = 9A9446B01E519B3700DE0C44;
			remoteInfo = ipadTest;
		};
/* End PBXContainerItemProxy section */

/* Begin PBXFileReference section */
		9A49AAD71E52A7B0006CC400 /* MyHomeController.h */ = {isa = PBXFileReference; fileEncoding = 4; lastKnownFileType = sourcecode.c.h; path = MyHomeController.h; sourceTree = "<group>"; };
		9A49AAD81E52A7B0006CC400 /* MyHomeController.m */ = {isa = PBXFileReference; fileEncoding = 4; lastKnownFileType = sourcecode.c.objc; path = MyHomeController.m; sourceTree = "<group>"; };
		9A49AADA1E52A7C4006CC400 /* MyStudyPlanController.h */ = {isa = PBXFileReference; fileEncoding = 4; lastKnownFileType = sourcecode.c.h; path = MyStudyPlanController.h; sourceTree = "<group>"; };
		9A49AADB1E52A7C4006CC400 /* MyStudyPlanController.m */ = {isa = PBXFileReference; fileEncoding = 4; lastKnownFileType = sourcecode.c.objc; path = MyStudyPlanController.m; sourceTree = "<group>"; };
		9A49AADD1E52A7D4006CC400 /* MyLiveController.h */ = {isa = PBXFileReference; fileEncoding = 4; lastKnownFileType = sourcecode.c.h; path = MyLiveController.h; sourceTree = "<group>"; };
		9A49AADE1E52A7D4006CC400 /* MyLiveController.m */ = {isa = PBXFileReference; fileEncoding = 4; lastKnownFileType = sourcecode.c.objc; path = MyLiveController.m; sourceTree = "<group>"; };
		9A49AAE01E52A7E7006CC400 /* MyExerciseController.h */ = {isa = PBXFileReference; fileEncoding = 4; lastKnownFileType = sourcecode.c.h; path = MyExerciseController.h; sourceTree = "<group>"; };
		9A49AAE11E52A7E7006CC400 /* MyExerciseController.m */ = {isa = PBXFileReference; fileEncoding = 4; lastKnownFileType = sourcecode.c.objc; path = MyExerciseController.m; sourceTree = "<group>"; };
		9A49AAE31E52A7F7006CC400 /* MyModelExamController.h */ = {isa = PBXFileReference; fileEncoding = 4; lastKnownFileType = sourcecode.c.h; path = MyModelExamController.h; sourceTree = "<group>"; };
		9A49AAE41E52A7F7006CC400 /* MyModelExamController.m */ = {isa = PBXFileReference; fileEncoding = 4; lastKnownFileType = sourcecode.c.objc; path = MyModelExamController.m; sourceTree = "<group>"; };
		9A49AAE61E52A804006CC400 /* MyCheckController.h */ = {isa = PBXFileReference; fileEncoding = 4; lastKnownFileType = sourcecode.c.h; path = MyCheckController.h; sourceTree = "<group>"; };
		9A49AAE71E52A804006CC400 /* MyCheckController.m */ = {isa = PBXFileReference; fileEncoding = 4; lastKnownFileType = sourcecode.c.objc; path = MyCheckController.m; sourceTree = "<group>"; };
		9A49AAE91E52A81A006CC400 /* MyBrieflyTeachController.h */ = {isa = PBXFileReference; fileEncoding = 4; lastKnownFileType = sourcecode.c.h; path = MyBrieflyTeachController.h; sourceTree = "<group>"; };
		9A49AAEA1E52A81A006CC400 /* MyBrieflyTeachController.m */ = {isa = PBXFileReference; fileEncoding = 4; lastKnownFileType = sourcecode.c.objc; path = MyBrieflyTeachController.m; sourceTree = "<group>"; };
		9A9446B11E519B3700DE0C44 /* ipadTest.app */ = {isa = PBXFileReference; explicitFileType = wrapper.application; includeInIndex = 0; path = ipadTest.app; sourceTree = BUILT_PRODUCTS_DIR; };
		9A9446B51E519B3700DE0C44 /* main.m */ = {isa = PBXFileReference; lastKnownFileType = sourcecode.c.objc; path = main.m; sourceTree = "<group>"; };
		9A9446B71E519B3700DE0C44 /* AppDelegate.h */ = {isa = PBXFileReference; lastKnownFileType = sourcecode.c.h; path = AppDelegate.h; sourceTree = "<group>"; };
		9A9446B81E519B3700DE0C44 /* AppDelegate.m */ = {isa = PBXFileReference; lastKnownFileType = sourcecode.c.objc; path = AppDelegate.m; sourceTree = "<group>"; };
		9A9446BA1E519B3700DE0C44 /* ViewController.h */ = {isa = PBXFileReference; lastKnownFileType = sourcecode.c.h; path = ViewController.h; sourceTree = "<group>"; };
		9A9446BB1E519B3700DE0C44 /* ViewController.m */ = {isa = PBXFileReference; lastKnownFileType = sourcecode.c.objc; path = ViewController.m; sourceTree = "<group>"; };
		9A9446BE1E519B3700DE0C44 /* Base */ = {isa = PBXFileReference; lastKnownFileType = file.storyboard; name = Base; path = Base.lproj/Main.storyboard; sourceTree = "<group>"; };
		9A9446C11E519B3700DE0C44 /* ipadTest.xcdatamodel */ = {isa = PBXFileReference; lastKnownFileType = wrapper.xcdatamodel; path = ipadTest.xcdatamodel; sourceTree = "<group>"; };
		9A9446C31E519B3700DE0C44 /* Assets.xcassets */ = {isa = PBXFileReference; lastKnownFileType = folder.assetcatalog; path = Assets.xcassets; sourceTree = "<group>"; };
		9A9446C61E519B3700DE0C44 /* Base */ = {isa = PBXFileReference; lastKnownFileType = file.storyboard; name = Base; path = Base.lproj/LaunchScreen.storyboard; sourceTree = "<group>"; };
		9A9446C81E519B3700DE0C44 /* Info.plist */ = {isa = PBXFileReference; lastKnownFileType = text.plist.xml; path = Info.plist; sourceTree = "<group>"; };
		9A9446CD1E519B3700DE0C44 /* ipadTestTests.xctest */ = {isa = PBXFileReference; explicitFileType = wrapper.cfbundle; includeInIndex = 0; path = ipadTestTests.xctest; sourceTree = BUILT_PRODUCTS_DIR; };
		9A9446D11E519B3700DE0C44 /* ipadTestTests.m */ = {isa = PBXFileReference; lastKnownFileType = sourcecode.c.objc; path = ipadTestTests.m; sourceTree = "<group>"; };
		9A9446D31E519B3700DE0C44 /* Info.plist */ = {isa = PBXFileReference; lastKnownFileType = text.plist.xml; path = Info.plist; sourceTree = "<group>"; };
		9A9446D81E519B3700DE0C44 /* ipadTestUITests.xctest */ = {isa = PBXFileReference; explicitFileType = wrapper.cfbundle; includeInIndex = 0; path = ipadTestUITests.xctest; sourceTree = BUILT_PRODUCTS_DIR; };
		9A9446DC1E519B3700DE0C44 /* ipadTestUITests.m */ = {isa = PBXFileReference; lastKnownFileType = sourcecode.c.objc; path = ipadTestUITests.m; sourceTree = "<group>"; };
		9A9446DE1E519B3700DE0C44 /* Info.plist */ = {isa = PBXFileReference; lastKnownFileType = text.plist.xml; path = Info.plist; sourceTree = "<group>"; };
		9A9446EB1E519D5300DE0C44 /* LeftRootView.h */ = {isa = PBXFileReference; fileEncoding = 4; lastKnownFileType = sourcecode.c.h; path = LeftRootView.h; sourceTree = "<group>"; };
		9A9446EC1E519D5300DE0C44 /* LeftRootView.m */ = {isa = PBXFileReference; fileEncoding = 4; lastKnownFileType = sourcecode.c.objc; path = LeftRootView.m; sourceTree = "<group>"; };
		9A9446EE1E519D7A00DE0C44 /* UserTopView.h */ = {isa = PBXFileReference; fileEncoding = 4; lastKnownFileType = sourcecode.c.h; path = UserTopView.h; sourceTree = "<group>"; };
		9A9446EF1E519D7A00DE0C44 /* UserTopView.m */ = {isa = PBXFileReference; fileEncoding = 4; lastKnownFileType = sourcecode.c.objc; path = UserTopView.m; sourceTree = "<group>"; };
		9A9446F31E519E1700DE0C44 /* LICENSE */ = {isa = PBXFileReference; fileEncoding = 4; lastKnownFileType = text; path = LICENSE; sourceTree = "<group>"; };
		9A9446F51E519E1700DE0C44 /* MASCompositeConstraint.h */ = {isa = PBXFileReference; fileEncoding = 4; lastKnownFileType = sourcecode.c.h; path = MASCompositeConstraint.h; sourceTree = "<group>"; };
		9A9446F61E519E1700DE0C44 /* MASCompositeConstraint.m */ = {isa = PBXFileReference; fileEncoding = 4; lastKnownFileType = sourcecode.c.objc; path = MASCompositeConstraint.m; sourceTree = "<group>"; };
		9A9446F71E519E1700DE0C44 /* MASConstraint+Private.h */ = {isa = PBXFileReference; fileEncoding = 4; lastKnownFileType = sourcecode.c.h; path = "MASConstraint+Private.h"; sourceTree = "<group>"; };
		9A9446F81E519E1700DE0C44 /* MASConstraint.h */ = {isa = PBXFileReference; fileEncoding = 4; lastKnownFileType = sourcecode.c.h; path = MASConstraint.h; sourceTree = "<group>"; };
		9A9446F91E519E1700DE0C44 /* MASConstraint.m */ = {isa = PBXFileReference; fileEncoding = 4; lastKnownFileType = sourcecode.c.objc; path = MASConstraint.m; sourceTree = "<group>"; };
		9A9446FA1E519E1700DE0C44 /* MASConstraintMaker.h */ = {isa = PBXFileReference; fileEncoding = 4; lastKnownFileType = sourcecode.c.h; path = MASConstraintMaker.h; sourceTree = "<group>"; };
		9A9446FB1E519E1700DE0C44 /* MASConstraintMaker.m */ = {isa = PBXFileReference; fileEncoding = 4; lastKnownFileType = sourcecode.c.objc; path = MASConstraintMaker.m; sourceTree = "<group>"; };
		9A9446FC1E519E1700DE0C44 /* MASLayoutConstraint.h */ = {isa = PBXFileReference; fileEncoding = 4; lastKnownFileType = sourcecode.c.h; path = MASLayoutConstraint.h; sourceTree = "<group>"; };
		9A9446FD1E519E1700DE0C44 /* MASLayoutConstraint.m */ = {isa = PBXFileReference; fileEncoding = 4; lastKnownFileType = sourcecode.c.objc; path = MASLayoutConstraint.m; sourceTree = "<group>"; };
		9A9446FE1E519E1700DE0C44 /* Masonry.h */ = {isa = PBXFileReference; fileEncoding = 4; lastKnownFileType = sourcecode.c.h; path = Masonry.h; sourceTree = "<group>"; };
		9A9446FF1E519E1700DE0C44 /* MASUtilities.h */ = {isa = PBXFileReference; fileEncoding = 4; lastKnownFileType = sourcecode.c.h; path = MASUtilities.h; sourceTree = "<group>"; };
		9A9447001E519E1700DE0C44 /* MASViewAttribute.h */ = {isa = PBXFileReference; fileEncoding = 4; lastKnownFileType = sourcecode.c.h; path = MASViewAttribute.h; sourceTree = "<group>"; };
		9A9447011E519E1700DE0C44 /* MASViewAttribute.m */ = {isa = PBXFileReference; fileEncoding = 4; lastKnownFileType = sourcecode.c.objc; path = MASViewAttribute.m; sourceTree = "<group>"; };
		9A9447021E519E1700DE0C44 /* MASViewConstraint.h */ = {isa = PBXFileReference; fileEncoding = 4; lastKnownFileType = sourcecode.c.h; path = MASViewConstraint.h; sourceTree = "<group>"; };
		9A9447031E519E1700DE0C44 /* MASViewConstraint.m */ = {isa = PBXFileReference; fileEncoding = 4; lastKnownFileType = sourcecode.c.objc; path = MASViewConstraint.m; sourceTree = "<group>"; };
		9A9447041E519E1700DE0C44 /* NSArray+MASAdditions.h */ = {isa = PBXFileReference; fileEncoding = 4; lastKnownFileType = sourcecode.c.h; path = "NSArray+MASAdditions.h"; sourceTree = "<group>"; };
		9A9447051E519E1700DE0C44 /* NSArray+MASAdditions.m */ = {isa = PBXFileReference; fileEncoding = 4; lastKnownFileType = sourcecode.c.objc; path = "NSArray+MASAdditions.m"; sourceTree = "<group>"; };
		9A9447061E519E1700DE0C44 /* NSArray+MASShorthandAdditions.h */ = {isa = PBXFileReference; fileEncoding = 4; lastKnownFileType = sourcecode.c.h; path = "NSArray+MASShorthandAdditions.h"; sourceTree = "<group>"; };
		9A9447071E519E1700DE0C44 /* NSLayoutConstraint+MASDebugAdditions.h */ = {isa = PBXFileReference; fileEncoding = 4; lastKnownFileType = sourcecode.c.h; path = "NSLayoutConstraint+MASDebugAdditions.h"; sourceTree = "<group>"; };
		9A9447081E519E1700DE0C44 /* NSLayoutConstraint+MASDebugAdditions.m */ = {isa = PBXFileReference; fileEncoding = 4; lastKnownFileType = sourcecode.c.objc; path = "NSLayoutConstraint+MASDebugAdditions.m"; sourceTree = "<group>"; };
		9A9447091E519E1700DE0C44 /* View+MASAdditions.h */ = {isa = PBXFileReference; fileEncoding = 4; lastKnownFileType = sourcecode.c.h; path = "View+MASAdditions.h"; sourceTree = "<group>"; };
		9A94470A1E519E1700DE0C44 /* View+MASAdditions.m */ = {isa = PBXFileReference; fileEncoding = 4; lastKnownFileType = sourcecode.c.objc; path = "View+MASAdditions.m"; sourceTree = "<group>"; };
		9A94470B1E519E1700DE0C44 /* View+MASShorthandAdditions.h */ = {isa = PBXFileReference; fileEncoding = 4; lastKnownFileType = sourcecode.c.h; path = "View+MASShorthandAdditions.h"; sourceTree = "<group>"; };
		9A94470C1E519E1700DE0C44 /* ViewController+MASAdditions.h */ = {isa = PBXFileReference; fileEncoding = 4; lastKnownFileType = sourcecode.c.h; path = "ViewController+MASAdditions.h"; sourceTree = "<group>"; };
		9A94470D1E519E1700DE0C44 /* ViewController+MASAdditions.m */ = {isa = PBXFileReference; fileEncoding = 4; lastKnownFileType = sourcecode.c.objc; path = "ViewController+MASAdditions.m"; sourceTree = "<group>"; };
		9A94470E1E519E1700DE0C44 /* README.md */ = {isa = PBXFileReference; fileEncoding = 4; lastKnownFileType = net.daringfireball.markdown; path = README.md; sourceTree = "<group>"; };
		9A94471D1E51A2A300DE0C44 /* ipadTest-PrefixHeader.pch */ = {isa = PBXFileReference; lastKnownFileType = sourcecode.c.h; path = "ipadTest-PrefixHeader.pch"; sourceTree = "<group>"; };
		9A9447201E51A39B00DE0C44 /* UIView+WKFFrame.h */ = {isa = PBXFileReference; fileEncoding = 4; lastKnownFileType = sourcecode.c.h; path = "UIView+WKFFrame.h"; sourceTree = "<group>"; };
		9A9447211E51A39B00DE0C44 /* UIView+WKFFrame.m */ = {isa = PBXFileReference; fileEncoding = 4; lastKnownFileType = sourcecode.c.objc; path = "UIView+WKFFrame.m"; sourceTree = "<group>"; };
/* End PBXFileReference section */

/* Begin PBXFrameworksBuildPhase section */
		9A9446AE1E519B3700DE0C44 /* Frameworks */ = {
			isa = PBXFrameworksBuildPhase;
			buildActionMask = 2147483647;
			files = (
			);
			runOnlyForDeploymentPostprocessing = 0;
		};
		9A9446CA1E519B3700DE0C44 /* Frameworks */ = {
			isa = PBXFrameworksBuildPhase;
			buildActionMask = 2147483647;
			files = (
			);
			runOnlyForDeploymentPostprocessing = 0;
		};
		9A9446D51E519B3700DE0C44 /* Frameworks */ = {
			isa = PBXFrameworksBuildPhase;
			buildActionMask = 2147483647;
			files = (
			);
			runOnlyForDeploymentPostprocessing = 0;
		};
/* End PBXFrameworksBuildPhase section */

/* Begin PBXGroup section */
		9A49AAD01E52A544006CC400 /* MyHome */ = {
			isa = PBXGroup;
			children = (
				9A49AAD71E52A7B0006CC400 /* MyHomeController.h */,
				9A49AAD81E52A7B0006CC400 /* MyHomeController.m */,
			);
			path = MyHome;
			sourceTree = "<group>";
		};
		9A49AAD11E52A558006CC400 /* MyStudyPlan */ = {
			isa = PBXGroup;
			children = (
				9A49AADA1E52A7C4006CC400 /* MyStudyPlanController.h */,
				9A49AADB1E52A7C4006CC400 /* MyStudyPlanController.m */,
			);
			path = MyStudyPlan;
			sourceTree = "<group>";
		};
		9A49AAD21E52A578006CC400 /* MyLive */ = {
			isa = PBXGroup;
			children = (
				9A49AADD1E52A7D4006CC400 /* MyLiveController.h */,
				9A49AADE1E52A7D4006CC400 /* MyLiveController.m */,
			);
			path = MyLive;
			sourceTree = "<group>";
		};
		9A49AAD31E52A589006CC400 /* MyExercise */ = {
			isa = PBXGroup;
			children = (
				9A49AAE01E52A7E7006CC400 /* MyExerciseController.h */,
				9A49AAE11E52A7E7006CC400 /* MyExerciseController.m */,
			);
			path = MyExercise;
			sourceTree = "<group>";
		};
		9A49AAD41E52A650006CC400 /* MyModelExam */ = {
			isa = PBXGroup;
			children = (
				9A49AAE31E52A7F7006CC400 /* MyModelExamController.h */,
				9A49AAE41E52A7F7006CC400 /* MyModelExamController.m */,
			);
			path = MyModelExam;
			sourceTree = "<group>";
		};
		9A49AAD51E52A678006CC400 /* MyCheck */ = {
			isa = PBXGroup;
			children = (
				9A49AAE61E52A804006CC400 /* MyCheckController.h */,
				9A49AAE71E52A804006CC400 /* MyCheckController.m */,
			);
			path = MyCheck;
			sourceTree = "<group>";
		};
		9A49AAD61E52A6A1006CC400 /* MyBrieflyTeach */ = {
			isa = PBXGroup;
			children = (
				9A49AAE91E52A81A006CC400 /* MyBrieflyTeachController.h */,
				9A49AAEA1E52A81A006CC400 /* MyBrieflyTeachController.m */,
			);
			path = MyBrieflyTeach;
			sourceTree = "<group>";
		};
		9A9446A81E519B3700DE0C44 = {
			isa = PBXGroup;
			children = (
				9A9446B31E519B3700DE0C44 /* ipadTest */,
				9A9446D01E519B3700DE0C44 /* ipadTestTests */,
				9A9446DB1E519B3700DE0C44 /* ipadTestUITests */,
				9A9446B21E519B3700DE0C44 /* Products */,
			);
			sourceTree = "<group>";
		};
		9A9446B21E519B3700DE0C44 /* Products */ = {
			isa = PBXGroup;
			children = (
				9A9446B11E519B3700DE0C44 /* ipadTest.app */,
				9A9446CD1E519B3700DE0C44 /* ipadTestTests.xctest */,
				9A9446D81E519B3700DE0C44 /* ipadTestUITests.xctest */,
			);
			name = Products;
			sourceTree = "<group>";
		};
		9A9446B31E519B3700DE0C44 /* ipadTest */ = {
			isa = PBXGroup;
			children = (
				9A94471C1E51A21A00DE0C44 /* Common */,
				9A94471B1E519E2A00DE0C44 /* Classes */,
				9A9446F11E519DB500DE0C44 /* Lib */,
				9A9446EA1E519CED00DE0C44 /* ReusableView */,
				9A9446B71E519B3700DE0C44 /* AppDelegate.h */,
				9A9446B81E519B3700DE0C44 /* AppDelegate.m */,
				9A9446BA1E519B3700DE0C44 /* ViewController.h */,
				9A9446BB1E519B3700DE0C44 /* ViewController.m */,
				9A94471D1E51A2A300DE0C44 /* ipadTest-PrefixHeader.pch */,
				9A9446BD1E519B3700DE0C44 /* Main.storyboard */,
				9A9446C31E519B3700DE0C44 /* Assets.xcassets */,
				9A9446C51E519B3700DE0C44 /* LaunchScreen.storyboard */,
				9A9446C81E519B3700DE0C44 /* Info.plist */,
				9A9446C01E519B3700DE0C44 /* ipadTest.xcdatamodeld */,
				9A9446B41E519B3700DE0C44 /* Supporting Files */,
			);
			path = ipadTest;
			sourceTree = "<group>";
		};
		9A9446B41E519B3700DE0C44 /* Supporting Files */ = {
			isa = PBXGroup;
			children = (
				9A9446B51E519B3700DE0C44 /* main.m */,
			);
			name = "Supporting Files";
			sourceTree = "<group>";
		};
		9A9446D01E519B3700DE0C44 /* ipadTestTests */ = {
			isa = PBXGroup;
			children = (
				9A9446D11E519B3700DE0C44 /* ipadTestTests.m */,
				9A9446D31E519B3700DE0C44 /* Info.plist */,
			);
			path = ipadTestTests;
			sourceTree = "<group>";
		};
		9A9446DB1E519B3700DE0C44 /* ipadTestUITests */ = {
			isa = PBXGroup;
			children = (
				9A9446DC1E519B3700DE0C44 /* ipadTestUITests.m */,
				9A9446DE1E519B3700DE0C44 /* Info.plist */,
			);
			path = ipadTestUITests;
			sourceTree = "<group>";
		};
		9A9446EA1E519CED00DE0C44 /* ReusableView */ = {
			isa = PBXGroup;
			children = (
				9A9446EB1E519D5300DE0C44 /* LeftRootView.h */,
				9A9446EC1E519D5300DE0C44 /* LeftRootView.m */,
				9A9446EE1E519D7A00DE0C44 /* UserTopView.h */,
				9A9446EF1E519D7A00DE0C44 /* UserTopView.m */,
			);
			path = ReusableView;
			sourceTree = "<group>";
		};
		9A9446F11E519DB500DE0C44 /* Lib */ = {
			isa = PBXGroup;
			children = (
				9A9446F21E519E1700DE0C44 /* Masonry */,
			);
			path = Lib;
			sourceTree = "<group>";
		};
		9A9446F21E519E1700DE0C44 /* Masonry */ = {
			isa = PBXGroup;
			children = (
				9A9446F31E519E1700DE0C44 /* LICENSE */,
				9A9446F41E519E1700DE0C44 /* Masonry */,
				9A94470E1E519E1700DE0C44 /* README.md */,
			);
			path = Masonry;
			sourceTree = "<group>";
		};
		9A9446F41E519E1700DE0C44 /* Masonry */ = {
			isa = PBXGroup;
			children = (
				9A9446F51E519E1700DE0C44 /* MASCompositeConstraint.h */,
				9A9446F61E519E1700DE0C44 /* MASCompositeConstraint.m */,
				9A9446F71E519E1700DE0C44 /* MASConstraint+Private.h */,
				9A9446F81E519E1700DE0C44 /* MASConstraint.h */,
				9A9446F91E519E1700DE0C44 /* MASConstraint.m */,
				9A9446FA1E519E1700DE0C44 /* MASConstraintMaker.h */,
				9A9446FB1E519E1700DE0C44 /* MASConstraintMaker.m */,
				9A9446FC1E519E1700DE0C44 /* MASLayoutConstraint.h */,
				9A9446FD1E519E1700DE0C44 /* MASLayoutConstraint.m */,
				9A9446FE1E519E1700DE0C44 /* Masonry.h */,
				9A9446FF1E519E1700DE0C44 /* MASUtilities.h */,
				9A9447001E519E1700DE0C44 /* MASViewAttribute.h */,
				9A9447011E519E1700DE0C44 /* MASViewAttribute.m */,
				9A9447021E519E1700DE0C44 /* MASViewConstraint.h */,
				9A9447031E519E1700DE0C44 /* MASViewConstraint.m */,
				9A9447041E519E1700DE0C44 /* NSArray+MASAdditions.h */,
				9A9447051E519E1700DE0C44 /* NSArray+MASAdditions.m */,
				9A9447061E519E1700DE0C44 /* NSArray+MASShorthandAdditions.h */,
				9A9447071E519E1700DE0C44 /* NSLayoutConstraint+MASDebugAdditions.h */,
				9A9447081E519E1700DE0C44 /* NSLayoutConstraint+MASDebugAdditions.m */,
				9A9447091E519E1700DE0C44 /* View+MASAdditions.h */,
				9A94470A1E519E1700DE0C44 /* View+MASAdditions.m */,
				9A94470B1E519E1700DE0C44 /* View+MASShorthandAdditions.h */,
				9A94470C1E519E1700DE0C44 /* ViewController+MASAdditions.h */,
				9A94470D1E519E1700DE0C44 /* ViewController+MASAdditions.m */,
			);
			path = Masonry;
			sourceTree = "<group>";
		};
		9A94471B1E519E2A00DE0C44 /* Classes */ = {
			isa = PBXGroup;
			children = (
				9A49AAD61E52A6A1006CC400 /* MyBrieflyTeach */,
				9A49AAD51E52A678006CC400 /* MyCheck */,
				9A49AAD41E52A650006CC400 /* MyModelExam */,
				9A49AAD31E52A589006CC400 /* MyExercise */,
				9A49AAD21E52A578006CC400 /* MyLive */,
				9A49AAD11E52A558006CC400 /* MyStudyPlan */,
				9A49AAD01E52A544006CC400 /* MyHome */,
			);
			path = Classes;
			sourceTree = "<group>";
		};
		9A94471C1E51A21A00DE0C44 /* Common */ = {
			isa = PBXGroup;
			children = (
				9A94471E1E51A37500DE0C44 /* CommonImport */,
			);
			path = Common;
			sourceTree = "<group>";
		};
		9A94471E1E51A37500DE0C44 /* CommonImport */ = {
			isa = PBXGroup;
			children = (
				9A94471F1E51A39B00DE0C44 /* Category(分类) */,
			);
			path = CommonImport;
			sourceTree = "<group>";
		};
		9A94471F1E51A39B00DE0C44 /* Category(分类) */ = {
			isa = PBXGroup;
			children = (
				9A9447201E51A39B00DE0C44 /* UIView+WKFFrame.h */,
				9A9447211E51A39B00DE0C44 /* UIView+WKFFrame.m */,
			);
			path = "Category(分类)";
			sourceTree = "<group>";
		};
/* End PBXGroup section */

/* Begin PBXNativeTarget section */
		9A9446B01E519B3700DE0C44 /* ipadTest */ = {
			isa = PBXNativeTarget;
			buildConfigurationList = 9A9446E11E519B3700DE0C44 /* Build configuration list for PBXNativeTarget "ipadTest" */;
			buildPhases = (
				9A9446AD1E519B3700DE0C44 /* Sources */,
				9A9446AE1E519B3700DE0C44 /* Frameworks */,
				9A9446AF1E519B3700DE0C44 /* Resources */,
			);
			buildRules = (
			);
			dependencies = (
			);
			name = ipadTest;
			productName = ipadTest;
			productReference = 9A9446B11E519B3700DE0C44 /* ipadTest.app */;
			productType = "com.apple.product-type.application";
		};
		9A9446CC1E519B3700DE0C44 /* ipadTestTests */ = {
			isa = PBXNativeTarget;
			buildConfigurationList = 9A9446E41E519B3700DE0C44 /* Build configuration list for PBXNativeTarget "ipadTestTests" */;
			buildPhases = (
				9A9446C91E519B3700DE0C44 /* Sources */,
				9A9446CA1E519B3700DE0C44 /* Frameworks */,
				9A9446CB1E519B3700DE0C44 /* Resources */,
			);
			buildRules = (
			);
			dependencies = (
				9A9446CF1E519B3700DE0C44 /* PBXTargetDependency */,
			);
			name = ipadTestTests;
			productName = ipadTestTests;
			productReference = 9A9446CD1E519B3700DE0C44 /* ipadTestTests.xctest */;
			productType = "com.apple.product-type.bundle.unit-test";
		};
		9A9446D71E519B3700DE0C44 /* ipadTestUITests */ = {
			isa = PBXNativeTarget;
			buildConfigurationList = 9A9446E71E519B3700DE0C44 /* Build configuration list for PBXNativeTarget "ipadTestUITests" */;
			buildPhases = (
				9A9446D41E519B3700DE0C44 /* Sources */,
				9A9446D51E519B3700DE0C44 /* Frameworks */,
				9A9446D61E519B3700DE0C44 /* Resources */,
			);
			buildRules = (
			);
			dependencies = (
				9A9446DA1E519B3700DE0C44 /* PBXTargetDependency */,
			);
			name = ipadTestUITests;
			productName = ipadTestUITests;
			productReference = 9A9446D81E519B3700DE0C44 /* ipadTestUITests.xctest */;
			productType = "com.apple.product-type.bundle.ui-testing";
		};
/* End PBXNativeTarget section */

/* Begin PBXProject section */
		9A9446A91E519B3700DE0C44 /* Project object */ = {
			isa = PBXProject;
			attributes = {
				LastUpgradeCheck = 0820;
				ORGANIZATIONNAME = fantasy;
				TargetAttributes = {
					9A9446B01E519B3700DE0C44 = {
						CreatedOnToolsVersion = 8.2.1;
						DevelopmentTeam = ZZ9329T9X9;
						ProvisioningStyle = Automatic;
					};
					9A9446CC1E519B3700DE0C44 = {
						CreatedOnToolsVersion = 8.2.1;
						ProvisioningStyle = Automatic;
						TestTargetID = 9A9446B01E519B3700DE0C44;
					};
					9A9446D71E519B3700DE0C44 = {
						CreatedOnToolsVersion = 8.2.1;
						ProvisioningStyle = Automatic;
						TestTargetID = 9A9446B01E519B3700DE0C44;
					};
				};
			};
			buildConfigurationList = 9A9446AC1E519B3700DE0C44 /* Build configuration list for PBXProject "ipadTest" */;
			compatibilityVersion = "Xcode 3.2";
			developmentRegion = English;
			hasScannedForEncodings = 0;
			knownRegions = (
				en,
				Base,
			);
			mainGroup = 9A9446A81E519B3700DE0C44;
			productRefGroup = 9A9446B21E519B3700DE0C44 /* Products */;
			projectDirPath = "";
			projectRoot = "";
			targets = (
				9A9446B01E519B3700DE0C44 /* ipadTest */,
				9A9446CC1E519B3700DE0C44 /* ipadTestTests */,
				9A9446D71E519B3700DE0C44 /* ipadTestUITests */,
			);
		};
/* End PBXProject section */

/* Begin PBXResourcesBuildPhase section */
		9A9446AF1E519B3700DE0C44 /* Resources */ = {
			isa = PBXResourcesBuildPhase;
			buildActionMask = 2147483647;
			files = (
				9A9446C71E519B3700DE0C44 /* LaunchScreen.storyboard in Resources */,
				9A9446C41E519B3700DE0C44 /* Assets.xcassets in Resources */,
				9A94470F1E519E1700DE0C44 /* LICENSE in Resources */,
				9A9446BF1E519B3700DE0C44 /* Main.storyboard in Resources */,
			);
			runOnlyForDeploymentPostprocessing = 0;
		};
		9A9446CB1E519B3700DE0C44 /* Resources */ = {
			isa = PBXResourcesBuildPhase;
			buildActionMask = 2147483647;
			files = (
			);
			runOnlyForDeploymentPostprocessing = 0;
		};
		9A9446D61E519B3700DE0C44 /* Resources */ = {
			isa = PBXResourcesBuildPhase;
			buildActionMask = 2147483647;
			files = (
			);
			runOnlyForDeploymentPostprocessing = 0;
		};
/* End PBXResourcesBuildPhase section */

/* Begin PBXSourcesBuildPhase section */
		9A9446AD1E519B3700DE0C44 /* Sources */ = {
			isa = PBXSourcesBuildPhase;
			buildActionMask = 2147483647;
			files = (
				9A9447111E519E1700DE0C44 /* MASConstraint.m in Sources */,
				9A9447141E519E1700DE0C44 /* MASViewAttribute.m in Sources */,
				9A49AADF1E52A7D4006CC400 /* MyLiveController.m in Sources */,
				9A9447191E519E1700DE0C44 /* ViewController+MASAdditions.m in Sources */,
				9A9447161E519E1700DE0C44 /* NSArray+MASAdditions.m in Sources */,
				9A49AADC1E52A7C4006CC400 /* MyStudyPlanController.m in Sources */,
				9A9446BC1E519B3700DE0C44 /* ViewController.m in Sources */,
				9A9447151E519E1700DE0C44 /* MASViewConstraint.m in Sources */,
				9A9447131E519E1700DE0C44 /* MASLayoutConstraint.m in Sources */,
				9A49AAD91E52A7B0006CC400 /* MyHomeController.m in Sources */,
				9A9446B91E519B3700DE0C44 /* AppDelegate.m in Sources */,
				9A9446B61E519B3700DE0C44 /* main.m in Sources */,
				9A9447181E519E1700DE0C44 /* View+MASAdditions.m in Sources */,
				9A49AAE21E52A7E7006CC400 /* MyExerciseController.m in Sources */,
				9A49AAE81E52A804006CC400 /* MyCheckController.m in Sources */,
				9A49AAE51E52A7F7006CC400 /* MyModelExamController.m in Sources */,
				9A49AAEB1E52A81A006CC400 /* MyBrieflyTeachController.m in Sources */,
				9A9447101E519E1700DE0C44 /* MASCompositeConstraint.m in Sources */,
				9A94471A1E519E1700DE0C44 /* README.md in Sources */,
				9A9447171E519E1700DE0C44 /* NSLayoutConstraint+MASDebugAdditions.m in Sources */,
				9A9447121E519E1700DE0C44 /* MASConstraintMaker.m in Sources */,
				9A9446F01E519D7A00DE0C44 /* UserTopView.m in Sources */,
				9A9447221E51A39B00DE0C44 /* UIView+WKFFrame.m in Sources */,
				9A9446C21E519B3700DE0C44 /* ipadTest.xcdatamodeld in Sources */,
				9A9446ED1E519D5300DE0C44 /* LeftRootView.m in Sources */,
			);
			runOnlyForDeploymentPostprocessing = 0;
		};
		9A9446C91E519B3700DE0C44 /* Sources */ = {
			isa = PBXSourcesBuildPhase;
			buildActionMask = 2147483647;
			files = (
				9A9446D21E519B3700DE0C44 /* ipadTestTests.m in Sources */,
			);
			runOnlyForDeploymentPostprocessing = 0;
		};
		9A9446D41E519B3700DE0C44 /* Sources */ = {
			isa = PBXSourcesBuildPhase;
			buildActionMask = 2147483647;
			files = (
				9A9446DD1E519B3700DE0C44 /* ipadTestUITests.m in Sources */,
			);
			runOnlyForDeploymentPostprocessing = 0;
		};
/* End PBXSourcesBuildPhase section */

/* Begin PBXTargetDependency section */
		9A9446CF1E519B3700DE0C44 /* PBXTargetDependency */ = {
			isa = PBXTargetDependency;
			target = 9A9446B01E519B3700DE0C44 /* ipadTest */;
			targetProxy = 9A9446CE1E519B3700DE0C44 /* PBXContainerItemProxy */;
		};
		9A9446DA1E519B3700DE0C44 /* PBXTargetDependency */ = {
			isa = PBXTargetDependency;
			target = 9A9446B01E519B3700DE0C44 /* ipadTest */;
			targetProxy = 9A9446D91E519B3700DE0C44 /* PBXContainerItemProxy */;
		};
/* End PBXTargetDependency section */

/* Begin PBXVariantGroup section */
		9A9446BD1E519B3700DE0C44 /* Main.storyboard */ = {
			isa = PBXVariantGroup;
			children = (
				9A9446BE1E519B3700DE0C44 /* Base */,
			);
			name = Main.storyboard;
			sourceTree = "<group>";
		};
		9A9446C51E519B3700DE0C44 /* LaunchScreen.storyboard */ = {
			isa = PBXVariantGroup;
			children = (
				9A9446C61E519B3700DE0C44 /* Base */,
			);
			name = LaunchScreen.storyboard;
			sourceTree = "<group>";
		};
/* End PBXVariantGroup section */

/* Begin XCBuildConfiguration section */
		9A9446DF1E519B3700DE0C44 /* Debug */ = {
			isa = XCBuildConfiguration;
			buildSettings = {
				ALWAYS_SEARCH_USER_PATHS = NO;
				CLANG_ANALYZER_NONNULL = YES;
				CLANG_CXX_LANGUAGE_STANDARD = "gnu++0x";
				CLANG_CXX_LIBRARY = "libc++";
				CLANG_ENABLE_MODULES = YES;
				CLANG_ENABLE_OBJC_ARC = YES;
				CLANG_WARN_BOOL_CONVERSION = YES;
				CLANG_WARN_CONSTANT_CONVERSION = YES;
				CLANG_WARN_DIRECT_OBJC_ISA_USAGE = YES_ERROR;
				CLANG_WARN_DOCUMENTATION_COMMENTS = YES;
				CLANG_WARN_EMPTY_BODY = YES;
				CLANG_WARN_ENUM_CONVERSION = YES;
				CLANG_WARN_INFINITE_RECURSION = YES;
				CLANG_WARN_INT_CONVERSION = YES;
				CLANG_WARN_OBJC_ROOT_CLASS = YES_ERROR;
				CLANG_WARN_SUSPICIOUS_MOVE = YES;
				CLANG_WARN_UNREACHABLE_CODE = YES;
				CLANG_WARN__DUPLICATE_METHOD_MATCH = YES;
				"CODE_SIGN_IDENTITY[sdk=iphoneos*]" = "iPhone Developer";
				COPY_PHASE_STRIP = NO;
				DEBUG_INFORMATION_FORMAT = dwarf;
				ENABLE_STRICT_OBJC_MSGSEND = YES;
				ENABLE_TESTABILITY = YES;
				GCC_C_LANGUAGE_STANDARD = gnu99;
				GCC_DYNAMIC_NO_PIC = NO;
				GCC_NO_COMMON_BLOCKS = YES;
				GCC_OPTIMIZATION_LEVEL = 0;
				GCC_PRECOMPILE_PREFIX_HEADER = YES;
				GCC_PREFIX_HEADER = "$(SRCROOT)/ipadTest/ipadTest-PrefixHeader.pch";
				GCC_PREPROCESSOR_DEFINITIONS = (
					"DEBUG=1",
					"$(inherited)",
				);
				GCC_WARN_64_TO_32_BIT_CONVERSION = YES;
				GCC_WARN_ABOUT_RETURN_TYPE = YES_ERROR;
				GCC_WARN_UNDECLARED_SELECTOR = YES;
				GCC_WARN_UNINITIALIZED_AUTOS = YES_AGGRESSIVE;
				GCC_WARN_UNUSED_FUNCTION = YES;
				GCC_WARN_UNUSED_VARIABLE = YES;
				IPHONEOS_DEPLOYMENT_TARGET = 10.2;
				MTL_ENABLE_DEBUG_INFO = YES;
				ONLY_ACTIVE_ARCH = YES;
				SDKROOT = iphoneos;
				TARGETED_DEVICE_FAMILY = "1,2";
			};
			name = Debug;
		};
		9A9446E01E519B3700DE0C44 /* Release */ = {
			isa = XCBuildConfiguration;
			buildSettings = {
				ALWAYS_SEARCH_USER_PATHS = NO;
				CLANG_ANALYZER_NONNULL = YES;
				CLANG_CXX_LANGUAGE_STANDARD = "gnu++0x";
				CLANG_CXX_LIBRARY = "libc++";
				CLANG_ENABLE_MODULES = YES;
				CLANG_ENABLE_OBJC_ARC = YES;
				CLANG_WARN_BOOL_CONVERSION = YES;
				CLANG_WARN_CONSTANT_CONVERSION = YES;
				CLANG_WARN_DIRECT_OBJC_ISA_USAGE = YES_ERROR;
				CLANG_WARN_DOCUMENTATION_COMMENTS = YES;
				CLANG_WARN_EMPTY_BODY = YES;
				CLANG_WARN_ENUM_CONVERSION = YES;
				CLANG_WARN_INFINITE_RECURSION = YES;
				CLANG_WARN_INT_CONVERSION = YES;
				CLANG_WARN_OBJC_ROOT_CLASS = YES_ERROR;
				CLANG_WARN_SUSPICIOUS_MOVE = YES;
				CLANG_WARN_UNREACHABLE_CODE = YES;
				CLANG_WARN__DUPLICATE_METHOD_MATCH = YES;
				"CODE_SIGN_IDENTITY[sdk=iphoneos*]" = "iPhone Developer";
				COPY_PHASE_STRIP = NO;
				DEBUG_INFORMATION_FORMAT = "dwarf-with-dsym";
				ENABLE_NS_ASSERTIONS = NO;
				ENABLE_STRICT_OBJC_MSGSEND = YES;
				GCC_C_LANGUAGE_STANDARD = gnu99;
				GCC_NO_COMMON_BLOCKS = YES;
				GCC_PRECOMPILE_PREFIX_HEADER = YES;
				GCC_PREFIX_HEADER = "$(SRCROOT)/ipadTest/ipadTest-PrefixHeader.pch";
				GCC_WARN_64_TO_32_BIT_CONVERSION = YES;
				GCC_WARN_ABOUT_RETURN_TYPE = YES_ERROR;
				GCC_WARN_UNDECLARED_SELECTOR = YES;
				GCC_WARN_UNINITIALIZED_AUTOS = YES_AGGRESSIVE;
				GCC_WARN_UNUSED_FUNCTION = YES;
				GCC_WARN_UNUSED_VARIABLE = YES;
				IPHONEOS_DEPLOYMENT_TARGET = 10.2;
				MTL_ENABLE_DEBUG_INFO = NO;
				SDKROOT = iphoneos;
				TARGETED_DEVICE_FAMILY = "1,2";
				VALIDATE_PRODUCT = YES;
			};
			name = Release;
		};
		9A9446E21E519B3700DE0C44 /* Debug */ = {
			isa = XCBuildConfiguration;
			buildSettings = {
				ASSETCATALOG_COMPILER_APPICON_NAME = AppIcon;
				DEVELOPMENT_TEAM = ZZ9329T9X9;
				INFOPLIST_FILE = ipadTest/Info.plist;
				LD_RUNPATH_SEARCH_PATHS = "$(inherited) @executable_path/Frameworks";
				PRODUCT_BUNDLE_IDENTIFIER = "--fantasy--.ipadTest";
				PRODUCT_NAME = "$(TARGET_NAME)";
				TARGETED_DEVICE_FAMILY = 2;
			};
			name = Debug;
		};
		9A9446E31E519B3700DE0C44 /* Release */ = {
			isa = XCBuildConfiguration;
			buildSettings = {
				ASSETCATALOG_COMPILER_APPICON_NAME = AppIcon;
				DEVELOPMENT_TEAM = ZZ9329T9X9;
				INFOPLIST_FILE = ipadTest/Info.plist;
				LD_RUNPATH_SEARCH_PATHS = "$(inherited) @executable_path/Frameworks";
				PRODUCT_BUNDLE_IDENTIFIER = "--fantasy--.ipadTest";
				PRODUCT_NAME = "$(TARGET_NAME)";
				TARGETED_DEVICE_FAMILY = 2;
			};
			name = Release;
		};
		9A9446E51E519B3700DE0C44 /* Debug */ = {
			isa = XCBuildConfiguration;
			buildSettings = {
				BUNDLE_LOADER = "$(TEST_HOST)";
				INFOPLIST_FILE = ipadTestTests/Info.plist;
				LD_RUNPATH_SEARCH_PATHS = "$(inherited) @executable_path/Frameworks @loader_path/Frameworks";
				PRODUCT_BUNDLE_IDENTIFIER = "--fantasy--.ipadTestTests";
				PRODUCT_NAME = "$(TARGET_NAME)";
				TEST_HOST = "$(BUILT_PRODUCTS_DIR)/ipadTest.app/ipadTest";
			};
			name = Debug;
		};
		9A9446E61E519B3700DE0C44 /* Release */ = {
			isa = XCBuildConfiguration;
			buildSettings = {
				BUNDLE_LOADER = "$(TEST_HOST)";
				INFOPLIST_FILE = ipadTestTests/Info.plist;
				LD_RUNPATH_SEARCH_PATHS = "$(inherited) @executable_path/Frameworks @loader_path/Frameworks";
				PRODUCT_BUNDLE_IDENTIFIER = "--fantasy--.ipadTestTests";
				PRODUCT_NAME = "$(TARGET_NAME)";
				TEST_HOST = "$(BUILT_PRODUCTS_DIR)/ipadTest.app/ipadTest";
			};
			name = Release;
		};
		9A9446E81E519B3700DE0C44 /* Debug */ = {
			isa = XCBuildConfiguration;
			buildSettings = {
				INFOPLIST_FILE = ipadTestUITests/Info.plist;
				LD_RUNPATH_SEARCH_PATHS = "$(inherited) @executable_path/Frameworks @loader_path/Frameworks";
				PRODUCT_BUNDLE_IDENTIFIER = "--fantasy--.ipadTestUITests";
				PRODUCT_NAME = "$(TARGET_NAME)";
				TEST_TARGET_NAME = ipadTest;
			};
			name = Debug;
		};
		9A9446E91E519B3700DE0C44 /* Release */ = {
			isa = XCBuildConfiguration;
			buildSettings = {
				INFOPLIST_FILE = ipadTestUITests/Info.plist;
				LD_RUNPATH_SEARCH_PATHS = "$(inherited) @executable_path/Frameworks @loader_path/Frameworks";
				PRODUCT_BUNDLE_IDENTIFIER = "--fantasy--.ipadTestUITests";
				PRODUCT_NAME = "$(TARGET_NAME)";
				TEST_TARGET_NAME = ipadTest;
			};
			name = Release;
		};
/* End XCBuildConfiguration section */

/* Begin XCConfigurationList section */
		9A9446AC1E519B3700DE0C44 /* Build configuration list for PBXProject "ipadTest" */ = {
			isa = XCConfigurationList;
			buildConfigurations = (
				9A9446DF1E519B3700DE0C44 /* Debug */,
				9A9446E01E519B3700DE0C44 /* Release */,
			);
			defaultConfigurationIsVisible = 0;
			defaultConfigurationName = Release;
		};
		9A9446E11E519B3700DE0C44 /* Build configuration list for PBXNativeTarget "ipadTest" */ = {
			isa = XCConfigurationList;
			buildConfigurations = (
				9A9446E21E519B3700DE0C44 /* Debug */,
				9A9446E31E519B3700DE0C44 /* Release */,
			);
			defaultConfigurationIsVisible = 0;
			defaultConfigurationName = Release;
		};
		9A9446E41E519B3700DE0C44 /* Build configuration list for PBXNativeTarget "ipadTestTests" */ = {
			isa = XCConfigurationList;
			buildConfigurations = (
				9A9446E51E519B3700DE0C44 /* Debug */,
				9A9446E61E519B3700DE0C44 /* Release */,
			);
			defaultConfigurationIsVisible = 0;
			defaultConfigurationName = Release;
		};
		9A9446E71E519B3700DE0C44 /* Build configuration list for PBXNativeTarget "ipadTestUITests" */ = {
			isa = XCConfigurationList;
			buildConfigurations = (
				9A9446E81E519B3700DE0C44 /* Debug */,
				9A9446E91E519B3700DE0C44 /* Release */,
			);
			defaultConfigurationIsVisible = 0;
			defaultConfigurationName = Release;
		};
/* End XCConfigurationList section */

/* Begin XCVersionGroup section */
		9A9446C01E519B3700DE0C44 /* ipadTest.xcdatamodeld */ = {
			isa = XCVersionGroup;
			children = (
				9A9446C11E519B3700DE0C44 /* ipadTest.xcdatamodel */,
			);
			currentVersion = 9A9446C11E519B3700DE0C44 /* ipadTest.xcdatamodel */;
			path = ipadTest.xcdatamodeld;
			sourceTree = "<group>";
			versionGroupType = wrapper.xcdatamodel;
		};
/* End XCVersionGroup section */
	};
	rootObject = 9A9446A91E519B3700DE0C44 /* Project object */;
}
